{
  "name": "forecasting",
  "version": "0.1.0",
  "lockfileVersion": 2,
  "requires": true,
  "packages": {
    "": {
      "name": "forecasting",
      "version": "0.1.0",
      "license": "ISC",
      "dependencies": {
        "@forecasting/aggregation": "^0.0.1"
      }
    },
    "node_modules/@forecasting/aggregation": {
      "version": "0.0.1",
      "resolved": "https://registry.npmjs.org/@forecasting/aggregation/-/aggregation-0.0.1.tgz",
      "integrity": "sha512-N6NwJaHioyJQZwjvbNYQCknegrQoWne5I1TILA0jSu+8xkCIN+16cYumc1hZSYAKTzfBsiQWXZbuubfVMpgXFg=="
    }
  },
  "dependencies": {
    "@forecasting/aggregation": {
      "version": "0.0.1",
      "resolved": "https://registry.npmjs.org/@forecasting/aggregation/-/aggregation-0.0.1.tgz",
      "integrity": "sha512-N6NwJaHioyJQZwjvbNYQCknegrQoWne5I1TILA0jSu+8xkCIN+16cYumc1hZSYAKTzfBsiQWXZbuubfVMpgXFg=="
    }
  }
}
